
Microsoft Visual Studio Solution File, Format Version 12.00
# Visual Studio Version 16
VisualStudioVersion = 16.0.31424.327
MinimumVisualStudioVersion = 10.0.40219.1
Project("{FAE04EC0-301F-11D3-BF4B-00C04F79EFBC}") = "TPR", "TPR.csproj", "{ABDEED9B-25A6-4E7B-B638-A7596FFD1971}"
EndProject
Global
	GlobalSection(SolutionConfigurationPlatforms) = preSolution
		Debug|Any CPU = Debug|Any CPU
		Release|Any CPU = Release|Any CPU
	EndGlobalSection
	GlobalSection(ProjectConfigurationPlatforms) = postSolution
		{ABDEED9B-25A6-4E7B-B638-A7596FFD1971}.Debug|Any CPU.ActiveCfg = Debug|Any CPU
		{ABDEED9B-25A6-4E7B-B638-A7596FFD1971}.Debug|Any CPU.Build.0 = Debug|Any CPU
		{ABDEED9B-25A6-4E7B-B638-A7596FFD1971}.Release|Any CPU.ActiveCfg = Release|Any CPU
		{ABDEED9B-25A6-4E7B-B638-A7596FFD1971}.Release|Any CPU.Build.0 = Release|Any CPU
	EndGlobalSection
	GlobalSection(SolutionProperties) = preSolution
		HideSolutionNode = FALSE
	EndGlobalSection
	GlobalSection(ExtensibilityGlobals) = postSolution
		SolutionGuid = {E4A5B55B-4495-4CBA-9653-4DF48158B30A}
	EndGlobalSection
EndGlobal
